
Microsoft Visual Studio Solution File, Format Version 12.00
# Visual Studio 2012
Project("{FAE04EC0-301F-11D3-BF4B-00C04F79EFBC}") = "binarylua_win32", "binarylua_win32\binarylua_win32.csproj", "{56899D9A-22C5-4F74-9845-1A24C0B7C676}"
EndProject
Global
	GlobalSection(SolutionConfigurationPlatforms) = preSolution
		Debug|Any CPU = Debug|Any CPU
		Release|Any CPU = Release|Any CPU
	EndGlobalSection
	GlobalSection(ProjectConfigurationPlatforms) = postSolution
		{56899D9A-22C5-4F74-9845-1A24C0B7C676}.Debug|Any CPU.ActiveCfg = Debug|Any CPU
		{56899D9A-22C5-4F74-9845-1A24C0B7C676}.Debug|Any CPU.Build.0 = Debug|Any CPU
		{56899D9A-22C5-4F74-9845-1A24C0B7C676}.Release|Any CPU.ActiveCfg = Release|Any CPU
		{56899D9A-22C5-4F74-9845-1A24C0B7C676}.Release|Any CPU.Build.0 = Release|Any CPU
	EndGlobalSection
	GlobalSection(SolutionProperties) = preSolution
		HideSolutionNode = FALSE
	EndGlobalSection
EndGlobal
